
Microsoft Visual Studio Solution File, Format Version 12.00
# Visual Studio 15
VisualStudioVersion = 15.0.27130.2036
MinimumVisualStudioVersion = 10.0.40219.1
Project("{9A19103F-16F7-4668-BE54-9A1E7A4F7556}") = "foreignermanagement", "foreignermanagement\foreignermanagement.csproj", "{0A85C426-26C5-4A2C-AA99-2804694AD041}"
EndProject
Project("{9A19103F-16F7-4668-BE54-9A1E7A4F7556}") = "importProvinceData", "importProvinceData\importProvinceData.csproj", "{AB2DFC1F-E55C-42A4-B5C0-6AD65BC151CB}"
EndProject
Project("{9A19103F-16F7-4668-BE54-9A1E7A4F7556}") = "importOneThreeData", "importOneThreeData\importOneThreeData.csproj", "{818B2C40-0383-4C72-A3CB-DD9901F5D054}"
EndProject
Project("{9A19103F-16F7-4668-BE54-9A1E7A4F7556}") = "exportToOneThreeData", "exportToOneThreeData\exportToOneThreeData.csproj", "{70895AE9-D864-4550-B057-196FD087B496}"
EndProject
Project("{9A19103F-16F7-4668-BE54-9A1E7A4F7556}") = "test", "ConsoleApp1\test.csproj", "{57F3E6FC-6B7A-49B4-A104-B09529EC5E00}"
EndProject
Global
	GlobalSection(SolutionConfigurationPlatforms) = preSolution
		Debug|Any CPU = Debug|Any CPU
		Release|Any CPU = Release|Any CPU
	EndGlobalSection
	GlobalSection(ProjectConfigurationPlatforms) = postSolution
		{0A85C426-26C5-4A2C-AA99-2804694AD041}.Debug|Any CPU.ActiveCfg = Debug|Any CPU
		{0A85C426-26C5-4A2C-AA99-2804694AD041}.Debug|Any CPU.Build.0 = Debug|Any CPU
		{0A85C426-26C5-4A2C-AA99-2804694AD041}.Release|Any CPU.ActiveCfg = Release|Any CPU
		{0A85C426-26C5-4A2C-AA99-2804694AD041}.Release|Any CPU.Build.0 = Release|Any CPU
		{AB2DFC1F-E55C-42A4-B5C0-6AD65BC151CB}.Debug|Any CPU.ActiveCfg = Debug|Any CPU
		{AB2DFC1F-E55C-42A4-B5C0-6AD65BC151CB}.Debug|Any CPU.Build.0 = Debug|Any CPU
		{AB2DFC1F-E55C-42A4-B5C0-6AD65BC151CB}.Release|Any CPU.ActiveCfg = Release|Any CPU
		{AB2DFC1F-E55C-42A4-B5C0-6AD65BC151CB}.Release|Any CPU.Build.0 = Release|Any CPU
		{818B2C40-0383-4C72-A3CB-DD9901F5D054}.Debug|Any CPU.ActiveCfg = Debug|Any CPU
		{818B2C40-0383-4C72-A3CB-DD9901F5D054}.Debug|Any CPU.Build.0 = Debug|Any CPU
		{818B2C40-0383-4C72-A3CB-DD9901F5D054}.Release|Any CPU.ActiveCfg = Release|Any CPU
		{818B2C40-0383-4C72-A3CB-DD9901F5D054}.Release|Any CPU.Build.0 = Release|Any CPU
		{70895AE9-D864-4550-B057-196FD087B496}.Debug|Any CPU.ActiveCfg = Debug|Any CPU
		{70895AE9-D864-4550-B057-196FD087B496}.Debug|Any CPU.Build.0 = Debug|Any CPU
		{70895AE9-D864-4550-B057-196FD087B496}.Release|Any CPU.ActiveCfg = Release|Any CPU
		{70895AE9-D864-4550-B057-196FD087B496}.Release|Any CPU.Build.0 = Release|Any CPU
		{57F3E6FC-6B7A-49B4-A104-B09529EC5E00}.Debug|Any CPU.ActiveCfg = Debug|Any CPU
		{57F3E6FC-6B7A-49B4-A104-B09529EC5E00}.Debug|Any CPU.Build.0 = Debug|Any CPU
		{57F3E6FC-6B7A-49B4-A104-B09529EC5E00}.Release|Any CPU.ActiveCfg = Release|Any CPU
		{57F3E6FC-6B7A-49B4-A104-B09529EC5E00}.Release|Any CPU.Build.0 = Release|Any CPU
	EndGlobalSection
	GlobalSection(SolutionProperties) = preSolution
		HideSolutionNode = FALSE
	EndGlobalSection
	GlobalSection(ExtensibilityGlobals) = postSolution
		SolutionGuid = {6E30061E-A0ED-44FD-AC72-F18F5800C94C}
	EndGlobalSection
EndGlobal
